
Microsoft Visual Studio Solution File, Format Version 12.00
# Visual Studio Version 17
VisualStudioVersion = 17.11.35303.130
MinimumVisualStudioVersion = 10.0.40219.1
Project("{2150E333-8FDC-42A3-9474-1A3956D46DE8}") = "Application", "Application", "{9AAAB09F-8E91-44FC-8D24-B08C5DFDAC63}"
EndProject
Project("{2150E333-8FDC-42A3-9474-1A3956D46DE8}") = "Libraries", "Libraries", "{7CEF6242-C126-4BAB-8D0E-F14183A519B2}"
EndProject
Project("{9A19103F-16F7-4668-BE54-9A1E7A4F7556}") = "SV21T1020659.Web", "SV21T1020659.Web\SV21T1020659.Web.csproj", "{D3D2CBF6-325B-417B-BA99-9283EAAF4ACD}"
	ProjectSection(ProjectDependencies) = postProject
		{1CCDCF35-D247-4CCA-A1F6-E61551EC0D98} = {1CCDCF35-D247-4CCA-A1F6-E61551EC0D98}
		{F4B80587-A7E0-4330-9DBB-A90404937987} = {F4B80587-A7E0-4330-9DBB-A90404937987}
	EndProjectSection
EndProject
Project("{9A19103F-16F7-4668-BE54-9A1E7A4F7556}") = "SV21T1020659.DomainModels", "SV21T1020659.DomainModels\SV21T1020659.DomainModels.csproj", "{1CCDCF35-D247-4CCA-A1F6-E61551EC0D98}"
EndProject
Project("{9A19103F-16F7-4668-BE54-9A1E7A4F7556}") = "SV21T1020659.DataLayers", "SV21T1020659.DataLayers\SV21T1020659.DataLayers.csproj", "{F4B80587-A7E0-4330-9DBB-A90404937987}"
EndProject
Project("{9A19103F-16F7-4668-BE54-9A1E7A4F7556}") = "SV21T1020629.BusinessLayers", "SV21T1020629.BusinessLayers\SV21T1020629.BusinessLayers.csproj", "{CBDAE475-4E5B-4574-BDE9-1F7DF8668DC0}"
EndProject
Project("{FAE04EC0-301F-11D3-BF4B-00C04F79EFBC}") = "SV21T1020659.Shop", "SV21T1020659.Shop\SV21T1020659.Shop.csproj", "{68160BD7-53B6-4FB6-B760-8A4BA62A3CA6}"
EndProject
Global
	GlobalSection(SolutionConfigurationPlatforms) = preSolution
		Debug|Any CPU = Debug|Any CPU
		Release|Any CPU = Release|Any CPU
	EndGlobalSection
	GlobalSection(ProjectConfigurationPlatforms) = postSolution
		{D3D2CBF6-325B-417B-BA99-9283EAAF4ACD}.Debug|Any CPU.ActiveCfg = Debug|Any CPU
		{D3D2CBF6-325B-417B-BA99-9283EAAF4ACD}.Debug|Any CPU.Build.0 = Debug|Any CPU
		{D3D2CBF6-325B-417B-BA99-9283EAAF4ACD}.Release|Any CPU.ActiveCfg = Release|Any CPU
		{D3D2CBF6-325B-417B-BA99-9283EAAF4ACD}.Release|Any CPU.Build.0 = Release|Any CPU
		{1CCDCF35-D247-4CCA-A1F6-E61551EC0D98}.Debug|Any CPU.ActiveCfg = Debug|Any CPU
		{1CCDCF35-D247-4CCA-A1F6-E61551EC0D98}.Debug|Any CPU.Build.0 = Debug|Any CPU
		{1CCDCF35-D247-4CCA-A1F6-E61551EC0D98}.Release|Any CPU.ActiveCfg = Release|Any CPU
		{1CCDCF35-D247-4CCA-A1F6-E61551EC0D98}.Release|Any CPU.Build.0 = Release|Any CPU
		{F4B80587-A7E0-4330-9DBB-A90404937987}.Debug|Any CPU.ActiveCfg = Debug|Any CPU
		{F4B80587-A7E0-4330-9DBB-A90404937987}.Debug|Any CPU.Build.0 = Debug|Any CPU
		{F4B80587-A7E0-4330-9DBB-A90404937987}.Release|Any CPU.ActiveCfg = Release|Any CPU
		{F4B80587-A7E0-4330-9DBB-A90404937987}.Release|Any CPU.Build.0 = Release|Any CPU
		{CBDAE475-4E5B-4574-BDE9-1F7DF8668DC0}.Debug|Any CPU.ActiveCfg = Debug|Any CPU
		{CBDAE475-4E5B-4574-BDE9-1F7DF8668DC0}.Debug|Any CPU.Build.0 = Debug|Any CPU
		{CBDAE475-4E5B-4574-BDE9-1F7DF8668DC0}.Release|Any CPU.ActiveCfg = Release|Any CPU
		{CBDAE475-4E5B-4574-BDE9-1F7DF8668DC0}.Release|Any CPU.Build.0 = Release|Any CPU
		{68160BD7-53B6-4FB6-B760-8A4BA62A3CA6}.Debug|Any CPU.ActiveCfg = Debug|Any CPU
		{68160BD7-53B6-4FB6-B760-8A4BA62A3CA6}.Debug|Any CPU.Build.0 = Debug|Any CPU
		{68160BD7-53B6-4FB6-B760-8A4BA62A3CA6}.Release|Any CPU.ActiveCfg = Release|Any CPU
		{68160BD7-53B6-4FB6-B760-8A4BA62A3CA6}.Release|Any CPU.Build.0 = Release|Any CPU
	EndGlobalSection
	GlobalSection(SolutionProperties) = preSolution
		HideSolutionNode = FALSE
	EndGlobalSection
	GlobalSection(NestedProjects) = preSolution
		{D3D2CBF6-325B-417B-BA99-9283EAAF4ACD} = {9AAAB09F-8E91-44FC-8D24-B08C5DFDAC63}
		{1CCDCF35-D247-4CCA-A1F6-E61551EC0D98} = {7CEF6242-C126-4BAB-8D0E-F14183A519B2}
		{F4B80587-A7E0-4330-9DBB-A90404937987} = {7CEF6242-C126-4BAB-8D0E-F14183A519B2}
		{CBDAE475-4E5B-4574-BDE9-1F7DF8668DC0} = {7CEF6242-C126-4BAB-8D0E-F14183A519B2}
		{68160BD7-53B6-4FB6-B760-8A4BA62A3CA6} = {9AAAB09F-8E91-44FC-8D24-B08C5DFDAC63}
	EndGlobalSection
	GlobalSection(ExtensibilityGlobals) = postSolution
		SolutionGuid = {EFBD1D40-A830-4117-AD96-0D2CA7BEBC9C}
	EndGlobalSection
EndGlobal
